{
  "originHash" : "e79ec653ade57e1cc2088ea1f795394b00e80de2f5483bdd5136018128795434",
  "pins" : [
    {
      "identity" : "goalmanager",
      "kind" : "remoteSourceControl",
      "location" : "https://github.com/ntobekosikithi/GoalManager.git",
      "state" : {
        "branch" : "main",
        "revision" : "4d1c8443287b3f9bd0fe2900f72232f535b3f97e"
      }
    },
    {
      "identity" : "utilities",
      "kind" : "remoteSourceControl",
      "location" : "https://github.com/ntobekosikithi/Utilities.git",
      "state" : {
        "branch" : "main",
        "revision" : "c7448a4c0739d10e4806bb87b85a60481a0b6544"
      }
    },
    {
      "identity" : "weather",
      "kind" : "remoteSourceControl",
      "location" : "https://github.com/ntobekosikithi/Weather.git",
      "state" : {
        "branch" : "main",
        "revision" : "59811f06bb9e3872d7eacb4f85a4bfaa528cdf8a"
      }
    },
    {
      "identity" : "workouttracker",
      "kind" : "remoteSourceControl",
      "location" : "https://github.com/ntobekosikithi/WorkoutTracker.git",
      "state" : {
        "branch" : "main",
        "revision" : "47617f4b168b19ffb3ec45f81a48fedd682debf5"
      }
    }
  ],
  "version" : 3
}
